
Microsoft Visual Studio Solution File, Format Version 12.00
# Visual Studio Version 17
VisualStudioVersion = 17.5.002.0
MinimumVisualStudioVersion = 10.0.40219.1
Project("{2150E333-8FDC-42A3-9474-1A3956D46DE8}") = "Back", "Back", "{4A91B8B9-8C79-4DB0-B7D5-6A1F332E2B4E}"
EndProject
Project("{2150E333-8FDC-42A3-9474-1A3956D46DE8}") = "src", "src", "{429C17AB-2073-49C5-8473-75A55270452D}"
EndProject
Project("{9A19103F-16F7-4668-BE54-9A1E7A4F7556}") = "ProEventos.API", "Back\src\ProEventos.API\ProEventos.API.csproj", "{2B9436D2-C293-4F5A-BE4E-C037EEA1AE0C}"
EndProject
Global
	GlobalSection(SolutionConfigurationPlatforms) = preSolution
		Debug|Any CPU = Debug|Any CPU
		Release|Any CPU = Release|Any CPU
	EndGlobalSection
	GlobalSection(ProjectConfigurationPlatforms) = postSolution
		{2B9436D2-C293-4F5A-BE4E-C037EEA1AE0C}.Debug|Any CPU.ActiveCfg = Debug|Any CPU
		{2B9436D2-C293-4F5A-BE4E-C037EEA1AE0C}.Debug|Any CPU.Build.0 = Debug|Any CPU
		{2B9436D2-C293-4F5A-BE4E-C037EEA1AE0C}.Release|Any CPU.ActiveCfg = Release|Any CPU
		{2B9436D2-C293-4F5A-BE4E-C037EEA1AE0C}.Release|Any CPU.Build.0 = Release|Any CPU
	EndGlobalSection
	GlobalSection(SolutionProperties) = preSolution
		HideSolutionNode = FALSE
	EndGlobalSection
	GlobalSection(NestedProjects) = preSolution
		{429C17AB-2073-49C5-8473-75A55270452D} = {4A91B8B9-8C79-4DB0-B7D5-6A1F332E2B4E}
		{2B9436D2-C293-4F5A-BE4E-C037EEA1AE0C} = {429C17AB-2073-49C5-8473-75A55270452D}
	EndGlobalSection
	GlobalSection(ExtensibilityGlobals) = postSolution
		SolutionGuid = {5151BB11-BA2B-4440-A3C2-D7B1083F6E6C}
	EndGlobalSection
EndGlobal
